
Microsoft Visual Studio Solution File, Format Version 12.00
# Visual Studio Version 17
VisualStudioVersion = 17.0.31919.166
MinimumVisualStudioVersion = 10.0.40219.1
Project("{FAE04EC0-301F-11D3-BF4B-00C04F79EFBC}") = "ConsoleUI", "DemoDelegates\ConsoleUI.csproj", "{FB454403-B95C-4C38-A48A-0952A7DF97C4}"
EndProject
Project("{FAE04EC0-301F-11D3-BF4B-00C04F79EFBC}") = "DemoLibrary", "DemoLibrary\DemoLibrary.csproj", "{12B0DF48-5EC1-4DCD-B2E7-4C6B85DCE306}"
EndProject
Global
	GlobalSection(SolutionConfigurationPlatforms) = preSolution
		Debug|Any CPU = Debug|Any CPU
		Release|Any CPU = Release|Any CPU
	EndGlobalSection
	GlobalSection(ProjectConfigurationPlatforms) = postSolution
		{FB454403-B95C-4C38-A48A-0952A7DF97C4}.Debug|Any CPU.ActiveCfg = Debug|Any CPU
		{FB454403-B95C-4C38-A48A-0952A7DF97C4}.Debug|Any CPU.Build.0 = Debug|Any CPU
		{FB454403-B95C-4C38-A48A-0952A7DF97C4}.Release|Any CPU.ActiveCfg = Release|Any CPU
		{FB454403-B95C-4C38-A48A-0952A7DF97C4}.Release|Any CPU.Build.0 = Release|Any CPU
		{12B0DF48-5EC1-4DCD-B2E7-4C6B85DCE306}.Debug|Any CPU.ActiveCfg = Debug|Any CPU
		{12B0DF48-5EC1-4DCD-B2E7-4C6B85DCE306}.Debug|Any CPU.Build.0 = Debug|Any CPU
		{12B0DF48-5EC1-4DCD-B2E7-4C6B85DCE306}.Release|Any CPU.ActiveCfg = Release|Any CPU
		{12B0DF48-5EC1-4DCD-B2E7-4C6B85DCE306}.Release|Any CPU.Build.0 = Release|Any CPU
	EndGlobalSection
	GlobalSection(SolutionProperties) = preSolution
		HideSolutionNode = FALSE
	EndGlobalSection
	GlobalSection(ExtensibilityGlobals) = postSolution
		SolutionGuid = {579A7032-6C91-4B2F-86D6-91544F974155}
	EndGlobalSection
EndGlobal
