
Microsoft Visual Studio Solution File, Format Version 12.00
# Visual Studio Version 17
VisualStudioVersion = 17.0.31919.166
MinimumVisualStudioVersion = 10.0.40219.1
Project("{FAE04EC0-301F-11D3-BF4B-00C04F79EFBC}") = "MaxSumContiguousArray", "MaxSumContiguousArray\MaxSumContiguousArray.csproj", "{82D0C73E-1EFC-41E6-89F3-6DD1B99E06E3}"
EndProject
Project("{FAE04EC0-301F-11D3-BF4B-00C04F79EFBC}") = "MaxSumContiguousArrayTest", "MaxSumContiguousArrayTest\MaxSumContiguousArrayTest.csproj", "{E00175C2-E3A9-4C6B-B8C4-BD2C7719F9F7}"
EndProject
Global
	GlobalSection(SolutionConfigurationPlatforms) = preSolution
		Debug|Any CPU = Debug|Any CPU
		Release|Any CPU = Release|Any CPU
	EndGlobalSection
	GlobalSection(ProjectConfigurationPlatforms) = postSolution
		{82D0C73E-1EFC-41E6-89F3-6DD1B99E06E3}.Debug|Any CPU.ActiveCfg = Debug|Any CPU
		{82D0C73E-1EFC-41E6-89F3-6DD1B99E06E3}.Debug|Any CPU.Build.0 = Debug|Any CPU
		{82D0C73E-1EFC-41E6-89F3-6DD1B99E06E3}.Release|Any CPU.ActiveCfg = Release|Any CPU
		{82D0C73E-1EFC-41E6-89F3-6DD1B99E06E3}.Release|Any CPU.Build.0 = Release|Any CPU
		{E00175C2-E3A9-4C6B-B8C4-BD2C7719F9F7}.Debug|Any CPU.ActiveCfg = Debug|Any CPU
		{E00175C2-E3A9-4C6B-B8C4-BD2C7719F9F7}.Debug|Any CPU.Build.0 = Debug|Any CPU
		{E00175C2-E3A9-4C6B-B8C4-BD2C7719F9F7}.Release|Any CPU.ActiveCfg = Release|Any CPU
		{E00175C2-E3A9-4C6B-B8C4-BD2C7719F9F7}.Release|Any CPU.Build.0 = Release|Any CPU
	EndGlobalSection
	GlobalSection(SolutionProperties) = preSolution
		HideSolutionNode = FALSE
	EndGlobalSection
	GlobalSection(ExtensibilityGlobals) = postSolution
		SolutionGuid = {CBC1A749-39A1-4168-9B30-0E334B3C6603}
	EndGlobalSection
EndGlobal
