
Microsoft Visual Studio Solution File, Format Version 12.00
# Visual Studio Version 17
VisualStudioVersion = 17.0.31919.166
MinimumVisualStudioVersion = 10.0.40219.1
Project("{FAE04EC0-301F-11D3-BF4B-00C04F79EFBC}") = "EventDemo", "EventDemo\EventDemo.csproj", "{382BBEE1-DC34-4352-8DE7-15FF6686EA33}"
EndProject
Global
	GlobalSection(SolutionConfigurationPlatforms) = preSolution
		Debug|Any CPU = Debug|Any CPU
		Release|Any CPU = Release|Any CPU
	EndGlobalSection
	GlobalSection(ProjectConfigurationPlatforms) = postSolution
		{382BBEE1-DC34-4352-8DE7-15FF6686EA33}.Debug|Any CPU.ActiveCfg = Debug|Any CPU
		{382BBEE1-DC34-4352-8DE7-15FF6686EA33}.Debug|Any CPU.Build.0 = Debug|Any CPU
		{382BBEE1-DC34-4352-8DE7-15FF6686EA33}.Release|Any CPU.ActiveCfg = Release|Any CPU
		{382BBEE1-DC34-4352-8DE7-15FF6686EA33}.Release|Any CPU.Build.0 = Release|Any CPU
	EndGlobalSection
	GlobalSection(SolutionProperties) = preSolution
		HideSolutionNode = FALSE
	EndGlobalSection
	GlobalSection(ExtensibilityGlobals) = postSolution
		SolutionGuid = {FA62CD83-1CA5-4472-88BE-55AFD81612C7}
	EndGlobalSection
EndGlobal
